
Microsoft Visual Studio Solution File, Format Version 12.00
# Visual Studio 15
VisualStudioVersion = 15.0.28307.168
MinimumVisualStudioVersion = 10.0.40219.1
Project("{FAE04EC0-301F-11D3-BF4B-00C04F79EFBC}") = "TDDBank", "TDDBank\TDDBank.csproj", "{F5D01406-8CDF-4AB7-B8B7-509996604FFA}"
EndProject
Project("{FAE04EC0-301F-11D3-BF4B-00C04F79EFBC}") = "TDDBank.Tests", "TDDBank.Tests\TDDBank.Tests.csproj", "{84494D60-2596-47C9-80FC-124AF90A38ED}"
EndProject
Global
	GlobalSection(SolutionConfigurationPlatforms) = preSolution
		Debug|Any CPU = Debug|Any CPU
		Release|Any CPU = Release|Any CPU
	EndGlobalSection
	GlobalSection(ProjectConfigurationPlatforms) = postSolution
		{F5D01406-8CDF-4AB7-B8B7-509996604FFA}.Debug|Any CPU.ActiveCfg = Debug|Any CPU
		{F5D01406-8CDF-4AB7-B8B7-509996604FFA}.Debug|Any CPU.Build.0 = Debug|Any CPU
		{F5D01406-8CDF-4AB7-B8B7-509996604FFA}.Release|Any CPU.ActiveCfg = Release|Any CPU
		{F5D01406-8CDF-4AB7-B8B7-509996604FFA}.Release|Any CPU.Build.0 = Release|Any CPU
		{84494D60-2596-47C9-80FC-124AF90A38ED}.Debug|Any CPU.ActiveCfg = Debug|Any CPU
		{84494D60-2596-47C9-80FC-124AF90A38ED}.Debug|Any CPU.Build.0 = Debug|Any CPU
		{84494D60-2596-47C9-80FC-124AF90A38ED}.Release|Any CPU.ActiveCfg = Release|Any CPU
		{84494D60-2596-47C9-80FC-124AF90A38ED}.Release|Any CPU.Build.0 = Release|Any CPU
	EndGlobalSection
	GlobalSection(SolutionProperties) = preSolution
		HideSolutionNode = FALSE
	EndGlobalSection
	GlobalSection(ExtensibilityGlobals) = postSolution
		SolutionGuid = {74A0C385-C777-4412-8171-E61BD5583CF1}
	EndGlobalSection
EndGlobal
