
Microsoft Visual Studio Solution File, Format Version 12.00
# Visual Studio 15
VisualStudioVersion = 15.0.28307.168
MinimumVisualStudioVersion = 10.0.40219.1
Project("{FAE04EC0-301F-11D3-BF4B-00C04F79EFBC}") = "Calculator", "Calculator\Calculator.csproj", "{7E97D2EC-9C5A-4906-8B09-59094C236F4D}"
EndProject
Project("{FAE04EC0-301F-11D3-BF4B-00C04F79EFBC}") = "Calculator.Tests", "Calculator.Tests\Calculator.Tests.csproj", "{C37EA500-9C05-4DE4-907C-79CE2CBA912B}"
EndProject
Project("{FAE04EC0-301F-11D3-BF4B-00C04F79EFBC}") = "Calculator.NUnitTests", "Calculator.NUnitTests\Calculator.NUnitTests.csproj", "{21992A70-120C-4447-BB76-9FB05A053D83}"
EndProject
Project("{FAE04EC0-301F-11D3-BF4B-00C04F79EFBC}") = "Calculator.XUnitTests", "Calculator.XUnitTests\Calculator.XUnitTests.csproj", "{8ECAFCC4-1A28-404E-A2BE-09348F971E59}"
EndProject
Global
	GlobalSection(SolutionConfigurationPlatforms) = preSolution
		Debug|Any CPU = Debug|Any CPU
		Release|Any CPU = Release|Any CPU
	EndGlobalSection
	GlobalSection(ProjectConfigurationPlatforms) = postSolution
		{7E97D2EC-9C5A-4906-8B09-59094C236F4D}.Debug|Any CPU.ActiveCfg = Debug|Any CPU
		{7E97D2EC-9C5A-4906-8B09-59094C236F4D}.Debug|Any CPU.Build.0 = Debug|Any CPU
		{7E97D2EC-9C5A-4906-8B09-59094C236F4D}.Release|Any CPU.ActiveCfg = Release|Any CPU
		{7E97D2EC-9C5A-4906-8B09-59094C236F4D}.Release|Any CPU.Build.0 = Release|Any CPU
		{C37EA500-9C05-4DE4-907C-79CE2CBA912B}.Debug|Any CPU.ActiveCfg = Debug|Any CPU
		{C37EA500-9C05-4DE4-907C-79CE2CBA912B}.Debug|Any CPU.Build.0 = Debug|Any CPU
		{C37EA500-9C05-4DE4-907C-79CE2CBA912B}.Release|Any CPU.ActiveCfg = Release|Any CPU
		{C37EA500-9C05-4DE4-907C-79CE2CBA912B}.Release|Any CPU.Build.0 = Release|Any CPU
		{21992A70-120C-4447-BB76-9FB05A053D83}.Debug|Any CPU.ActiveCfg = Debug|Any CPU
		{21992A70-120C-4447-BB76-9FB05A053D83}.Debug|Any CPU.Build.0 = Debug|Any CPU
		{21992A70-120C-4447-BB76-9FB05A053D83}.Release|Any CPU.ActiveCfg = Release|Any CPU
		{21992A70-120C-4447-BB76-9FB05A053D83}.Release|Any CPU.Build.0 = Release|Any CPU
		{8ECAFCC4-1A28-404E-A2BE-09348F971E59}.Debug|Any CPU.ActiveCfg = Debug|Any CPU
		{8ECAFCC4-1A28-404E-A2BE-09348F971E59}.Debug|Any CPU.Build.0 = Debug|Any CPU
		{8ECAFCC4-1A28-404E-A2BE-09348F971E59}.Release|Any CPU.ActiveCfg = Release|Any CPU
		{8ECAFCC4-1A28-404E-A2BE-09348F971E59}.Release|Any CPU.Build.0 = Release|Any CPU
	EndGlobalSection
	GlobalSection(SolutionProperties) = preSolution
		HideSolutionNode = FALSE
	EndGlobalSection
	GlobalSection(ExtensibilityGlobals) = postSolution
		SolutionGuid = {5E0C3BE3-753B-4AB3-86A0-DB625ED27DA3}
	EndGlobalSection
EndGlobal
