
Microsoft Visual Studio Solution File, Format Version 12.00
# Visual Studio 15
VisualStudioVersion = 15.0.28307.168
MinimumVisualStudioVersion = 10.0.40219.1
Project("{9A19103F-16F7-4668-BE54-9A1E7A4F7556}") = "ppedv.Pillenpresse.Model", "ppedv.Pillenpresse.Model\ppedv.Pillenpresse.Model.csproj", "{2293EE69-FB51-41B3-9FE3-2582DAA9DE2D}"
EndProject
Project("{FAE04EC0-301F-11D3-BF4B-00C04F79EFBC}") = "ppedv.Pillenpresse.Data.EF", "ppedv.Pillenpresse.Data.EF\ppedv.Pillenpresse.Data.EF.csproj", "{82E8B3BF-D7D6-4247-8894-F4DD4E530A0C}"
EndProject
Project("{FAE04EC0-301F-11D3-BF4B-00C04F79EFBC}") = "ppedv.Pillenpresse.Data.EF.Tests", "ppedv.Pillenpresse.Data.EF.Tests\ppedv.Pillenpresse.Data.EF.Tests.csproj", "{BA41DE5E-ACB7-4627-B54D-8A031512632C}"
EndProject
Project("{FAE04EC0-301F-11D3-BF4B-00C04F79EFBC}") = "Binford.PillenPunisher5000", "Binford.PillenPunisher5000\Binford.PillenPunisher5000.csproj", "{96870033-DFB0-45CD-869A-9D771FFBC8E4}"
EndProject
Project("{FAE04EC0-301F-11D3-BF4B-00C04F79EFBC}") = "ACME.PillPress", "ACME.PillPress\ACME.PillPress.csproj", "{DE34BFC7-004B-4D2F-810E-6D41646F1185}"
EndProject
Project("{FAE04EC0-301F-11D3-BF4B-00C04F79EFBC}") = "ppedv.Pillenpresse.Device.Binford", "ppedv.Pillenpresse.Device.Binford\ppedv.Pillenpresse.Device.Binford.csproj", "{E7500936-7995-4EC3-B0B8-A65639FAAED7}"
EndProject
Project("{FAE04EC0-301F-11D3-BF4B-00C04F79EFBC}") = "ppedv.Pillenpresse.Device.Binford.Tests", "ppedv.Pillenpresse.Device.Binford.Tests\ppedv.Pillenpresse.Device.Binford.Tests.csproj", "{F456E3C6-935A-42E5-B59A-71997AD3D21D}"
EndProject
Project("{FAE04EC0-301F-11D3-BF4B-00C04F79EFBC}") = "ppedv.Pillenpresse.Logic", "ppedv.Pillenpresse.Logic\ppedv.Pillenpresse.Logic.csproj", "{92E5AF9B-68EE-4F29-997E-145F608ACBA2}"
EndProject
Project("{FAE04EC0-301F-11D3-BF4B-00C04F79EFBC}") = "ppedv.Pillenpresse.Logic.Tests", "ppedv.Pillenpresse.Logic.Tests\ppedv.Pillenpresse.Logic.Tests.csproj", "{8A761AB2-8370-43B6-8C9D-547C8A841074}"
EndProject
Global
	GlobalSection(SolutionConfigurationPlatforms) = preSolution
		Debug|Any CPU = Debug|Any CPU
		Release|Any CPU = Release|Any CPU
	EndGlobalSection
	GlobalSection(ProjectConfigurationPlatforms) = postSolution
		{2293EE69-FB51-41B3-9FE3-2582DAA9DE2D}.Debug|Any CPU.ActiveCfg = Debug|Any CPU
		{2293EE69-FB51-41B3-9FE3-2582DAA9DE2D}.Debug|Any CPU.Build.0 = Debug|Any CPU
		{2293EE69-FB51-41B3-9FE3-2582DAA9DE2D}.Release|Any CPU.ActiveCfg = Release|Any CPU
		{2293EE69-FB51-41B3-9FE3-2582DAA9DE2D}.Release|Any CPU.Build.0 = Release|Any CPU
		{82E8B3BF-D7D6-4247-8894-F4DD4E530A0C}.Debug|Any CPU.ActiveCfg = Debug|Any CPU
		{82E8B3BF-D7D6-4247-8894-F4DD4E530A0C}.Debug|Any CPU.Build.0 = Debug|Any CPU
		{82E8B3BF-D7D6-4247-8894-F4DD4E530A0C}.Release|Any CPU.ActiveCfg = Release|Any CPU
		{82E8B3BF-D7D6-4247-8894-F4DD4E530A0C}.Release|Any CPU.Build.0 = Release|Any CPU
		{BA41DE5E-ACB7-4627-B54D-8A031512632C}.Debug|Any CPU.ActiveCfg = Debug|Any CPU
		{BA41DE5E-ACB7-4627-B54D-8A031512632C}.Debug|Any CPU.Build.0 = Debug|Any CPU
		{BA41DE5E-ACB7-4627-B54D-8A031512632C}.Release|Any CPU.ActiveCfg = Release|Any CPU
		{BA41DE5E-ACB7-4627-B54D-8A031512632C}.Release|Any CPU.Build.0 = Release|Any CPU
		{96870033-DFB0-45CD-869A-9D771FFBC8E4}.Debug|Any CPU.ActiveCfg = Debug|Any CPU
		{96870033-DFB0-45CD-869A-9D771FFBC8E4}.Debug|Any CPU.Build.0 = Debug|Any CPU
		{96870033-DFB0-45CD-869A-9D771FFBC8E4}.Release|Any CPU.ActiveCfg = Release|Any CPU
		{96870033-DFB0-45CD-869A-9D771FFBC8E4}.Release|Any CPU.Build.0 = Release|Any CPU
		{DE34BFC7-004B-4D2F-810E-6D41646F1185}.Debug|Any CPU.ActiveCfg = Debug|Any CPU
		{DE34BFC7-004B-4D2F-810E-6D41646F1185}.Debug|Any CPU.Build.0 = Debug|Any CPU
		{DE34BFC7-004B-4D2F-810E-6D41646F1185}.Release|Any CPU.ActiveCfg = Release|Any CPU
		{DE34BFC7-004B-4D2F-810E-6D41646F1185}.Release|Any CPU.Build.0 = Release|Any CPU
		{E7500936-7995-4EC3-B0B8-A65639FAAED7}.Debug|Any CPU.ActiveCfg = Debug|Any CPU
		{E7500936-7995-4EC3-B0B8-A65639FAAED7}.Debug|Any CPU.Build.0 = Debug|Any CPU
		{E7500936-7995-4EC3-B0B8-A65639FAAED7}.Release|Any CPU.ActiveCfg = Release|Any CPU
		{E7500936-7995-4EC3-B0B8-A65639FAAED7}.Release|Any CPU.Build.0 = Release|Any CPU
		{F456E3C6-935A-42E5-B59A-71997AD3D21D}.Debug|Any CPU.ActiveCfg = Debug|Any CPU
		{F456E3C6-935A-42E5-B59A-71997AD3D21D}.Debug|Any CPU.Build.0 = Debug|Any CPU
		{F456E3C6-935A-42E5-B59A-71997AD3D21D}.Release|Any CPU.ActiveCfg = Release|Any CPU
		{F456E3C6-935A-42E5-B59A-71997AD3D21D}.Release|Any CPU.Build.0 = Release|Any CPU
		{92E5AF9B-68EE-4F29-997E-145F608ACBA2}.Debug|Any CPU.ActiveCfg = Debug|Any CPU
		{92E5AF9B-68EE-4F29-997E-145F608ACBA2}.Debug|Any CPU.Build.0 = Debug|Any CPU
		{92E5AF9B-68EE-4F29-997E-145F608ACBA2}.Release|Any CPU.ActiveCfg = Release|Any CPU
		{92E5AF9B-68EE-4F29-997E-145F608ACBA2}.Release|Any CPU.Build.0 = Release|Any CPU
		{8A761AB2-8370-43B6-8C9D-547C8A841074}.Debug|Any CPU.ActiveCfg = Debug|Any CPU
		{8A761AB2-8370-43B6-8C9D-547C8A841074}.Debug|Any CPU.Build.0 = Debug|Any CPU
		{8A761AB2-8370-43B6-8C9D-547C8A841074}.Release|Any CPU.ActiveCfg = Release|Any CPU
		{8A761AB2-8370-43B6-8C9D-547C8A841074}.Release|Any CPU.Build.0 = Release|Any CPU
	EndGlobalSection
	GlobalSection(SolutionProperties) = preSolution
		HideSolutionNode = FALSE
	EndGlobalSection
	GlobalSection(ExtensibilityGlobals) = postSolution
		SolutionGuid = {02CEA888-211D-4A9B-8E63-AEC3C548BF0D}
	EndGlobalSection
EndGlobal
